// !$*UTF8*$!
{
	archiveVersion = 1;
	classes = {
	};
	objectVersion = 56;
	objects = {

/* Begin PBXBuildFile section */
		DD00000000000000000002 /* KinowoApp.swift in Sources */ = {isa = PBXBuildFile; fileRef = CC00000000000000000002 /* KinowoApp.swift */; };
		DD00000000000000000003 /* ContentView.swift in Sources */ = {isa = PBXBuildFile; fileRef = CC00000000000000000003 /* ContentView.swift */; };
		DD00000000000000000004 /* Assets.xcassets in Resources */ = {isa = PBXBuildFile; fileRef = CC00000000000000000004 /* Assets.xcassets */; };
		DD00000000000000000005 /* Film.swift in Sources */ = {isa = PBXBuildFile; fileRef = CC00000000000000000005 /* Film.swift */; };
		DD00000000000000000006 /* Filters.swift in Sources */ = {isa = PBXBuildFile; fileRef = CC00000000000000000006 /* Filters.swift */; };
		DD00000000000000000007 /* RepertoireClient.swift in Sources */ = {isa = PBXBuildFile; fileRef = CC00000000000000000007 /* RepertoireClient.swift */; };
		DD00000000000000000030 /* RepertoireCache.swift in Sources */ = {isa = PBXBuildFile; fileRef = CC00000000000000000030 /* RepertoireCache.swift */; };
		DD00000000000000000031 /* AuthService.swift in Sources */ = {isa = PBXBuildFile; fileRef = CC00000000000000000031 /* AuthService.swift */; };
		DD00000000000000000032 /* StateSyncService.swift in Sources */ = {isa = PBXBuildFile; fileRef = CC00000000000000000032 /* StateSyncService.swift */; };
		DD00000000000000000033 /* UserProfile.swift in Sources */ = {isa = PBXBuildFile; fileRef = CC00000000000000000033 /* UserProfile.swift */; };
		DD00000000000000000034 /* UserStateClient.swift in Sources */ = {isa = PBXBuildFile; fileRef = CC00000000000000000034 /* UserStateClient.swift */; };
		DD00000000000000000035 /* TrailerEmbedHTML.swift in Sources */ = {isa = PBXBuildFile; fileRef = CC00000000000000000035 /* TrailerEmbedHTML.swift */; };
		DD00000000000000000008 /* HTMLParser.swift in Sources */ = {isa = PBXBuildFile; fileRef = CC00000000000000000008 /* HTMLParser.swift */; };
		DD00000000000000000009 /* HTMLDecoding.swift in Sources */ = {isa = PBXBuildFile; fileRef = CC00000000000000000009 /* HTMLDecoding.swift */; };
		DD0000000000000000000A /* UserPreferences.swift in Sources */ = {isa = PBXBuildFile; fileRef = CC0000000000000000000A /* UserPreferences.swift */; };
		DD0000000000000000000B /* FilmGridView.swift in Sources */ = {isa = PBXBuildFile; fileRef = CC0000000000000000000B /* FilmGridView.swift */; };
		DD0000000000000000000C /* FilmCardView.swift in Sources */ = {isa = PBXBuildFile; fileRef = CC0000000000000000000C /* FilmCardView.swift */; };
		DD0000000000000000000D /* ShowingsView.swift in Sources */ = {isa = PBXBuildFile; fileRef = CC0000000000000000000D /* ShowingsView.swift */; };
		DD0000000000000000000E /* RatingBadgesView.swift in Sources */ = {isa = PBXBuildFile; fileRef = CC0000000000000000000E /* RatingBadgesView.swift */; };
		DD0000000000000000000F /* FiltersBar.swift in Sources */ = {isa = PBXBuildFile; fileRef = CC0000000000000000000F /* FiltersBar.swift */; };
		DD00000000000000000011 /* FlowLayout.swift in Sources */ = {isa = PBXBuildFile; fileRef = CC00000000000000000011 /* FlowLayout.swift */; };
		DD00000000000000000012 /* HTMLPrimitives.swift in Sources */ = {isa = PBXBuildFile; fileRef = CC00000000000000000012 /* HTMLPrimitives.swift */; };
		DD00000000000000000013 /* ShowingsParser.swift in Sources */ = {isa = PBXBuildFile; fileRef = CC00000000000000000013 /* ShowingsParser.swift */; };
		DD00000000000000000014 /* RatingsParser.swift in Sources */ = {isa = PBXBuildFile; fileRef = CC00000000000000000014 /* RatingsParser.swift */; };
		DD00000000000000000040 /* FilmDetails.swift in Sources */ = {isa = PBXBuildFile; fileRef = CC00000000000000000040 /* FilmDetails.swift */; };
		DD00000000000000000041 /* CinemaLink.swift in Sources */ = {isa = PBXBuildFile; fileRef = CC00000000000000000041 /* CinemaLink.swift */; };
		DD00000000000000000042 /* DetailsStore.swift in Sources */ = {isa = PBXBuildFile; fileRef = CC00000000000000000042 /* DetailsStore.swift */; };
		DD00000000000000000043 /* DetailsCache.swift in Sources */ = {isa = PBXBuildFile; fileRef = CC00000000000000000043 /* DetailsCache.swift */; };
		DD00000000000000000018 /* FilmDetailView.swift in Sources */ = {isa = PBXBuildFile; fileRef = CC00000000000000000018 /* FilmDetailView.swift */; };
		DD00000000000000000019 /* FlowLayoutMath.swift in Sources */ = {isa = PBXBuildFile; fileRef = CC00000000000000000019 /* FlowLayoutMath.swift */; };
		DD0000000000000000001B /* AccessibilityIdentifiers.swift in Sources */ = {isa = PBXBuildFile; fileRef = CC0000000000000000001B /* AccessibilityIdentifiers.swift */; };
		DD0000000000000000001C /* RepertoireLaunchUITests.swift in Sources */ = {isa = PBXBuildFile; fileRef = CC0000000000000000001C /* RepertoireLaunchUITests.swift */; };
		DD0000000000000000001D /* TabSwipeUITests.swift in Sources */ = {isa = PBXBuildFile; fileRef = CC0000000000000000001D /* TabSwipeUITests.swift */; };
		DD0000000000000000001E /* FilterSheetUITests.swift in Sources */ = {isa = PBXBuildFile; fileRef = CC0000000000000000001E /* FilterSheetUITests.swift */; };
		DD0000000000000000005F /* ScrollInsetUITests.swift in Sources */ = {isa = PBXBuildFile; fileRef = CC0000000000000000001F /* ScrollInsetUITests.swift */; };
		DD00000000000000000070 /* PosterOverlapUITests.swift in Sources */ = {isa = PBXBuildFile; fileRef = CC00000000000000000070 /* PosterOverlapUITests.swift */; };
		DD0000000000000000001F /* AccessibilityIdentifiers.swift in Sources */ = {isa = PBXBuildFile; fileRef = CC0000000000000000001B /* AccessibilityIdentifiers.swift */; };

		DD00000000000000000022 /* RetryBackoff.swift in Sources */ = {isa = PBXBuildFile; fileRef = CC00000000000000000022 /* RetryBackoff.swift */; };
		DD00000000000000000044 /* SwipeHint.swift in Sources */ = {isa = PBXBuildFile; fileRef = CC00000000000000000044 /* SwipeHint.swift */; };
		DD00000000000000000080 /* TopBarLayout.swift in Sources */ = {isa = PBXBuildFile; fileRef = CC00000000000000000080 /* TopBarLayout.swift */; };
		DD00000000000000000036 /* FormatTokenFilter.swift in Sources */ = {isa = PBXBuildFile; fileRef = CC00000000000000000036 /* FormatTokenFilter.swift */; };
/* End PBXBuildFile section */

/* Begin PBXContainerItemProxy section */
		AA00000000000000000027 /* PBXContainerItemProxy */ = {
			isa = PBXContainerItemProxy;
			containerPortal = AA00000000000000000001 /* Project object */;
			proxyType = 1;
			remoteGlobalIDString = AA00000000000000000002;
			remoteInfo = Kinowo;
		};
/* End PBXContainerItemProxy section */

/* Begin PBXFileReference section */
		CC00000000000000000001 /* Kinowo.app */ = {isa = PBXFileReference; explicitFileType = wrapper.application; includeInIndex = 0; path = Kinowo.app; sourceTree = BUILT_PRODUCTS_DIR; };
		CC00000000000000000002 /* KinowoApp.swift */ = {isa = PBXFileReference; lastKnownFileType = sourcecode.swift; path = KinowoApp.swift; sourceTree = "<group>"; };
		CC00000000000000000003 /* ContentView.swift */ = {isa = PBXFileReference; lastKnownFileType = sourcecode.swift; path = ContentView.swift; sourceTree = "<group>"; };
		CC00000000000000000004 /* Assets.xcassets */ = {isa = PBXFileReference; lastKnownFileType = folder.assetcatalog; path = Assets.xcassets; sourceTree = "<group>"; };
		CC00000000000000000005 /* Film.swift */ = {isa = PBXFileReference; lastKnownFileType = sourcecode.swift; path = Film.swift; sourceTree = "<group>"; };
		CC00000000000000000006 /* Filters.swift */ = {isa = PBXFileReference; lastKnownFileType = sourcecode.swift; path = Filters.swift; sourceTree = "<group>"; };
		CC00000000000000000007 /* RepertoireClient.swift */ = {isa = PBXFileReference; lastKnownFileType = sourcecode.swift; path = RepertoireClient.swift; sourceTree = "<group>"; };
		CC00000000000000000030 /* RepertoireCache.swift */ = {isa = PBXFileReference; lastKnownFileType = sourcecode.swift; path = RepertoireCache.swift; sourceTree = "<group>"; };
		CC00000000000000000031 /* AuthService.swift */ = {isa = PBXFileReference; lastKnownFileType = sourcecode.swift; path = AuthService.swift; sourceTree = "<group>"; };
		CC00000000000000000032 /* StateSyncService.swift */ = {isa = PBXFileReference; lastKnownFileType = sourcecode.swift; path = StateSyncService.swift; sourceTree = "<group>"; };
		CC00000000000000000033 /* UserProfile.swift */ = {isa = PBXFileReference; lastKnownFileType = sourcecode.swift; path = UserProfile.swift; sourceTree = "<group>"; };
		CC00000000000000000034 /* UserStateClient.swift */ = {isa = PBXFileReference; lastKnownFileType = sourcecode.swift; path = UserStateClient.swift; sourceTree = "<group>"; };
		CC00000000000000000035 /* TrailerEmbedHTML.swift */ = {isa = PBXFileReference; lastKnownFileType = sourcecode.swift; path = TrailerEmbedHTML.swift; sourceTree = "<group>"; };
		CC00000000000000000008 /* HTMLParser.swift */ = {isa = PBXFileReference; lastKnownFileType = sourcecode.swift; path = HTMLParser.swift; sourceTree = "<group>"; };
		CC00000000000000000009 /* HTMLDecoding.swift */ = {isa = PBXFileReference; lastKnownFileType = sourcecode.swift; path = HTMLDecoding.swift; sourceTree = "<group>"; };
		CC0000000000000000000A /* UserPreferences.swift */ = {isa = PBXFileReference; lastKnownFileType = sourcecode.swift; path = UserPreferences.swift; sourceTree = "<group>"; };
		CC0000000000000000000B /* FilmGridView.swift */ = {isa = PBXFileReference; lastKnownFileType = sourcecode.swift; path = FilmGridView.swift; sourceTree = "<group>"; };
		CC0000000000000000000C /* FilmCardView.swift */ = {isa = PBXFileReference; lastKnownFileType = sourcecode.swift; path = FilmCardView.swift; sourceTree = "<group>"; };
		CC0000000000000000000D /* ShowingsView.swift */ = {isa = PBXFileReference; lastKnownFileType = sourcecode.swift; path = ShowingsView.swift; sourceTree = "<group>"; };
		CC0000000000000000000E /* RatingBadgesView.swift */ = {isa = PBXFileReference; lastKnownFileType = sourcecode.swift; path = RatingBadgesView.swift; sourceTree = "<group>"; };
		CC0000000000000000000F /* FiltersBar.swift */ = {isa = PBXFileReference; lastKnownFileType = sourcecode.swift; path = FiltersBar.swift; sourceTree = "<group>"; };
		CC00000000000000000011 /* FlowLayout.swift */ = {isa = PBXFileReference; lastKnownFileType = sourcecode.swift; path = FlowLayout.swift; sourceTree = "<group>"; };
		CC00000000000000000012 /* HTMLPrimitives.swift */ = {isa = PBXFileReference; lastKnownFileType = sourcecode.swift; path = HTMLPrimitives.swift; sourceTree = "<group>"; };
		CC00000000000000000013 /* ShowingsParser.swift */ = {isa = PBXFileReference; lastKnownFileType = sourcecode.swift; path = ShowingsParser.swift; sourceTree = "<group>"; };
		CC00000000000000000014 /* RatingsParser.swift */ = {isa = PBXFileReference; lastKnownFileType = sourcecode.swift; path = RatingsParser.swift; sourceTree = "<group>"; };
		CC00000000000000000040 /* FilmDetails.swift */ = {isa = PBXFileReference; lastKnownFileType = sourcecode.swift; path = FilmDetails.swift; sourceTree = "<group>"; };
		CC00000000000000000041 /* CinemaLink.swift */ = {isa = PBXFileReference; lastKnownFileType = sourcecode.swift; path = CinemaLink.swift; sourceTree = "<group>"; };
		CC00000000000000000042 /* DetailsStore.swift */ = {isa = PBXFileReference; lastKnownFileType = sourcecode.swift; path = DetailsStore.swift; sourceTree = "<group>"; };
		CC00000000000000000043 /* DetailsCache.swift */ = {isa = PBXFileReference; lastKnownFileType = sourcecode.swift; path = DetailsCache.swift; sourceTree = "<group>"; };
		CC00000000000000000018 /* FilmDetailView.swift */ = {isa = PBXFileReference; lastKnownFileType = sourcecode.swift; path = FilmDetailView.swift; sourceTree = "<group>"; };
		CC00000000000000000019 /* FlowLayoutMath.swift */ = {isa = PBXFileReference; lastKnownFileType = sourcecode.swift; path = FlowLayoutMath.swift; sourceTree = "<group>"; };
		CC0000000000000000001A /* KinowoUITests.xctest */ = {isa = PBXFileReference; explicitFileType = wrapper.cfbundle; includeInIndex = 0; path = KinowoUITests.xctest; sourceTree = BUILT_PRODUCTS_DIR; };
		CC0000000000000000001B /* AccessibilityIdentifiers.swift */ = {isa = PBXFileReference; lastKnownFileType = sourcecode.swift; path = AccessibilityIdentifiers.swift; sourceTree = "<group>"; };
		CC0000000000000000001C /* RepertoireLaunchUITests.swift */ = {isa = PBXFileReference; lastKnownFileType = sourcecode.swift; path = RepertoireLaunchUITests.swift; sourceTree = "<group>"; };
		CC0000000000000000001D /* TabSwipeUITests.swift */ = {isa = PBXFileReference; lastKnownFileType = sourcecode.swift; path = TabSwipeUITests.swift; sourceTree = "<group>"; };
		CC0000000000000000001E /* FilterSheetUITests.swift */ = {isa = PBXFileReference; lastKnownFileType = sourcecode.swift; path = FilterSheetUITests.swift; sourceTree = "<group>"; };
		CC0000000000000000001F /* ScrollInsetUITests.swift */ = {isa = PBXFileReference; lastKnownFileType = sourcecode.swift; path = ScrollInsetUITests.swift; sourceTree = "<group>"; };
		CC00000000000000000070 /* PosterOverlapUITests.swift */ = {isa = PBXFileReference; lastKnownFileType = sourcecode.swift; path = PosterOverlapUITests.swift; sourceTree = "<group>"; };

		CC00000000000000000022 /* RetryBackoff.swift */ = {isa = PBXFileReference; lastKnownFileType = sourcecode.swift; path = RetryBackoff.swift; sourceTree = "<group>"; };
		CC00000000000000000044 /* SwipeHint.swift */ = {isa = PBXFileReference; lastKnownFileType = sourcecode.swift; path = SwipeHint.swift; sourceTree = "<group>"; };
		CC00000000000000000080 /* TopBarLayout.swift */ = {isa = PBXFileReference; lastKnownFileType = sourcecode.swift; path = TopBarLayout.swift; sourceTree = "<group>"; };
		CC00000000000000000036 /* FormatTokenFilter.swift */ = {isa = PBXFileReference; lastKnownFileType = sourcecode.swift; path = FormatTokenFilter.swift; sourceTree = "<group>"; };
/* End PBXFileReference section */

/* Begin PBXFrameworksBuildPhase section */
		AA00000000000000000004 /* Frameworks */ = {
			isa = PBXFrameworksBuildPhase;
			buildActionMask = 2147483647;
			files = (
			);
			runOnlyForDeploymentPostprocessing = 0;
		};
		AA00000000000000000022 /* Frameworks */ = {
			isa = PBXFrameworksBuildPhase;
			buildActionMask = 2147483647;
			files = (
			);
			runOnlyForDeploymentPostprocessing = 0;
		};
/* End PBXFrameworksBuildPhase section */

/* Begin PBXGroup section */
		BB00000000000000000001 = {
			isa = PBXGroup;
			children = (
				BB00000000000000000002 /* Kinowo */,
				BB00000000000000000008 /* KinowoUITests */,
				BB00000000000000000003 /* Products */,
			);
			sourceTree = "<group>";
		};
		BB00000000000000000002 /* Kinowo */ = {
			isa = PBXGroup;
			children = (
				CC00000000000000000002 /* KinowoApp.swift */,
				CC00000000000000000003 /* ContentView.swift */,
				CC0000000000000000001B /* AccessibilityIdentifiers.swift */,
				BB00000000000000000009 /* Auth */,
				BB00000000000000000004 /* Models */,
				BB00000000000000000005 /* Networking */,
				BB00000000000000000006 /* Storage */,
				BB00000000000000000007 /* Views */,
				CC00000000000000000004 /* Assets.xcassets */,
			);
			path = Kinowo;
			sourceTree = "<group>";
		};
		BB00000000000000000003 /* Products */ = {
			isa = PBXGroup;
			children = (
				CC00000000000000000001 /* Kinowo.app */,
				CC0000000000000000001A /* KinowoUITests.xctest */,
			);
			name = Products;
			sourceTree = "<group>";
		};
		BB00000000000000000009 /* Auth */ = {
			isa = PBXGroup;
			children = (
				CC00000000000000000031 /* AuthService.swift */,
				CC00000000000000000032 /* StateSyncService.swift */,
				CC00000000000000000033 /* UserProfile.swift */,
				CC00000000000000000034 /* UserStateClient.swift */,
			);
			path = Auth;
			sourceTree = "<group>";
		};
		BB00000000000000000004 /* Models */ = {
			isa = PBXGroup;
			children = (
				CC00000000000000000005 /* Film.swift */,
				CC00000000000000000040 /* FilmDetails.swift */,
				CC00000000000000000041 /* CinemaLink.swift */,
				CC00000000000000000006 /* Filters.swift */,
				CC00000000000000000022 /* RetryBackoff.swift */,
				CC00000000000000000044 /* SwipeHint.swift */,
				CC00000000000000000080 /* TopBarLayout.swift */,
			);
			path = Models;
			sourceTree = "<group>";
		};
		BB00000000000000000005 /* Networking */ = {
			isa = PBXGroup;
			children = (
				CC00000000000000000007 /* RepertoireClient.swift */,
				CC00000000000000000030 /* RepertoireCache.swift */,
				CC00000000000000000042 /* DetailsStore.swift */,
				CC00000000000000000043 /* DetailsCache.swift */,
				CC00000000000000000008 /* HTMLParser.swift */,
				CC00000000000000000012 /* HTMLPrimitives.swift */,
				CC00000000000000000013 /* ShowingsParser.swift */,
				CC00000000000000000014 /* RatingsParser.swift */,
				CC00000000000000000009 /* HTMLDecoding.swift */,
				CC00000000000000000035 /* TrailerEmbedHTML.swift */,
			);
			path = Networking;
			sourceTree = "<group>";
		};
		BB00000000000000000006 /* Storage */ = {
			isa = PBXGroup;
			children = (
				CC0000000000000000000A /* UserPreferences.swift */,
			);
			path = Storage;
			sourceTree = "<group>";
		};
		BB00000000000000000007 /* Views */ = {
			isa = PBXGroup;
			children = (
				CC0000000000000000000B /* FilmGridView.swift */,
				CC0000000000000000000C /* FilmCardView.swift */,
				CC00000000000000000018 /* FilmDetailView.swift */,
				CC0000000000000000000D /* ShowingsView.swift */,
				CC0000000000000000000E /* RatingBadgesView.swift */,
				CC0000000000000000000F /* FiltersBar.swift */,
				CC00000000000000000011 /* FlowLayout.swift */,
				CC00000000000000000019 /* FlowLayoutMath.swift */,
				CC00000000000000000036 /* FormatTokenFilter.swift */,
			);
			path = Views;
			sourceTree = "<group>";
		};
		BB00000000000000000008 /* KinowoUITests */ = {
			isa = PBXGroup;
			children = (
				CC0000000000000000001C /* RepertoireLaunchUITests.swift */,
				CC0000000000000000001D /* TabSwipeUITests.swift */,
				CC0000000000000000001E /* FilterSheetUITests.swift */,
				CC0000000000000000001F /* ScrollInsetUITests.swift */,
				CC00000000000000000070 /* PosterOverlapUITests.swift */,
			);
			path = KinowoUITests;
			sourceTree = "<group>";
		};
/* End PBXGroup section */

/* Begin PBXNativeTarget section */
		AA00000000000000000002 /* Kinowo */ = {
			isa = PBXNativeTarget;
			buildConfigurationList = AA00000000000000000007 /* Build configuration list for PBXNativeTarget "Kinowo" */;
			buildPhases = (
				AA00000000000000000003 /* Sources */,
				AA00000000000000000004 /* Frameworks */,
				AA00000000000000000005 /* Resources */,
			);
			buildRules = (
			);
			dependencies = (
			);
			name = Kinowo;
			productName = Kinowo;
			productReference = CC00000000000000000001 /* Kinowo.app */;
			productType = "com.apple.product-type.application";
		};
		AA00000000000000000020 /* KinowoUITests */ = {
			isa = PBXNativeTarget;
			buildConfigurationList = AA00000000000000000023 /* Build configuration list for PBXNativeTarget "KinowoUITests" */;
			buildPhases = (
				AA00000000000000000021 /* Sources */,
				AA00000000000000000022 /* Frameworks */,
			);
			buildRules = (
			);
			dependencies = (
				AA00000000000000000026 /* PBXTargetDependency */,
			);
			name = KinowoUITests;
			productName = KinowoUITests;
			productReference = CC0000000000000000001A /* KinowoUITests.xctest */;
			productType = "com.apple.product-type.bundle.ui-testing";
		};
/* End PBXNativeTarget section */

/* Begin PBXProject section */
		AA00000000000000000001 /* Project object */ = {
			isa = PBXProject;
			attributes = {
				BuildIndependentTargetsInParallel = 1;
				LastSwiftUpdateCheck = 1500;
				LastUpgradeCheck = 2650;
				TargetAttributes = {
					AA00000000000000000002 = {
						CreatedOnToolsVersion = 15.0;
					};
					AA00000000000000000020 = {
						CreatedOnToolsVersion = 15.0;
						TestTargetID = AA00000000000000000002;
					};
				};
			};
			buildConfigurationList = AA00000000000000000006 /* Build configuration list for PBXProject "Kinowo" */;
			compatibilityVersion = "Xcode 14.0";
			developmentRegion = en;
			hasScannedForEncodings = 0;
			knownRegions = (
				en,
				Base,
			);
			mainGroup = BB00000000000000000001;
			productRefGroup = BB00000000000000000003 /* Products */;
			projectDirPath = "";
			projectRoot = "";
			targets = (
				AA00000000000000000002 /* Kinowo */,
				AA00000000000000000020 /* KinowoUITests */,
			);
		};
/* End PBXProject section */

/* Begin PBXResourcesBuildPhase section */
		AA00000000000000000005 /* Resources */ = {
			isa = PBXResourcesBuildPhase;
			buildActionMask = 2147483647;
			files = (
				DD00000000000000000004 /* Assets.xcassets in Resources */,
			);
			runOnlyForDeploymentPostprocessing = 0;
		};
/* End PBXResourcesBuildPhase section */

/* Begin PBXSourcesBuildPhase section */
		AA00000000000000000003 /* Sources */ = {
			isa = PBXSourcesBuildPhase;
			buildActionMask = 2147483647;
			files = (
				DD00000000000000000002 /* KinowoApp.swift in Sources */,
				DD00000000000000000003 /* ContentView.swift in Sources */,
				DD00000000000000000005 /* Film.swift in Sources */,
				DD00000000000000000006 /* Filters.swift in Sources */,
				DD00000000000000000007 /* RepertoireClient.swift in Sources */,
				DD00000000000000000030 /* RepertoireCache.swift in Sources */,
				DD00000000000000000031 /* AuthService.swift in Sources */,
				DD00000000000000000032 /* StateSyncService.swift in Sources */,
				DD00000000000000000033 /* UserProfile.swift in Sources */,
				DD00000000000000000034 /* UserStateClient.swift in Sources */,
				DD00000000000000000035 /* TrailerEmbedHTML.swift in Sources */,
				DD00000000000000000008 /* HTMLParser.swift in Sources */,
				DD00000000000000000009 /* HTMLDecoding.swift in Sources */,
				DD0000000000000000000A /* UserPreferences.swift in Sources */,
				DD0000000000000000000B /* FilmGridView.swift in Sources */,
				DD0000000000000000000C /* FilmCardView.swift in Sources */,
				DD0000000000000000000D /* ShowingsView.swift in Sources */,
				DD0000000000000000000E /* RatingBadgesView.swift in Sources */,
				DD0000000000000000000F /* FiltersBar.swift in Sources */,
				DD00000000000000000011 /* FlowLayout.swift in Sources */,
				DD00000000000000000012 /* HTMLPrimitives.swift in Sources */,
				DD00000000000000000013 /* ShowingsParser.swift in Sources */,
				DD00000000000000000014 /* RatingsParser.swift in Sources */,
				DD00000000000000000040 /* FilmDetails.swift in Sources */,
				DD00000000000000000041 /* CinemaLink.swift in Sources */,
				DD00000000000000000042 /* DetailsStore.swift in Sources */,
				DD00000000000000000043 /* DetailsCache.swift in Sources */,
				DD00000000000000000018 /* FilmDetailView.swift in Sources */,
				DD00000000000000000019 /* FlowLayoutMath.swift in Sources */,
				DD0000000000000000001F /* AccessibilityIdentifiers.swift in Sources */,
				DD00000000000000000022 /* RetryBackoff.swift in Sources */,
				DD00000000000000000044 /* SwipeHint.swift in Sources */,
				DD00000000000000000080 /* TopBarLayout.swift in Sources */,
				DD00000000000000000036 /* FormatTokenFilter.swift in Sources */,
			);
			runOnlyForDeploymentPostprocessing = 0;
		};
		AA00000000000000000021 /* Sources */ = {
			isa = PBXSourcesBuildPhase;
			buildActionMask = 2147483647;
			files = (
				DD0000000000000000001B /* AccessibilityIdentifiers.swift in Sources */,
				DD0000000000000000001C /* RepertoireLaunchUITests.swift in Sources */,
				DD0000000000000000001D /* TabSwipeUITests.swift in Sources */,
				DD0000000000000000001E /* FilterSheetUITests.swift in Sources */,
				DD0000000000000000005F /* ScrollInsetUITests.swift in Sources */,
				DD00000000000000000070 /* PosterOverlapUITests.swift in Sources */,
			);
			runOnlyForDeploymentPostprocessing = 0;
		};
/* End PBXSourcesBuildPhase section */

/* Begin PBXTargetDependency section */
		AA00000000000000000026 /* PBXTargetDependency */ = {
			isa = PBXTargetDependency;
			target = AA00000000000000000002 /* Kinowo */;
			targetProxy = AA00000000000000000027 /* PBXContainerItemProxy */;
		};
/* End PBXTargetDependency section */

/* Begin XCBuildConfiguration section */
		AA00000000000000000008 /* Debug */ = {
			isa = XCBuildConfiguration;
			buildSettings = {
				ALWAYS_SEARCH_USER_PATHS = NO;
				CLANG_ANALYZER_NONNULL = YES;
				CLANG_ANALYZER_NUMBER_OBJECT_CONVERSION = YES_AGGRESSIVE;
				CLANG_ENABLE_MODULES = YES;
				CLANG_ENABLE_OBJC_ARC = YES;
				CLANG_ENABLE_OBJC_WEAK = YES;
				CLANG_WARN_BLOCK_CAPTURE_AUTORELEASING = YES;
				CLANG_WARN_BOOL_CONVERSION = YES;
				CLANG_WARN_COMMA = YES;
				CLANG_WARN_CONSTANT_CONVERSION = YES;
				CLANG_WARN_DEPRECATED_OBJC_IMPLEMENTATIONS = YES;
				CLANG_WARN_DIRECT_OBJC_ISA_USAGE = YES_ERROR;
				CLANG_WARN_DOCUMENTATION_COMMENTS = YES;
				CLANG_WARN_EMPTY_BODY = YES;
				CLANG_WARN_ENUM_CONVERSION = YES;
				CLANG_WARN_INFINITE_RECURSION = YES;
				CLANG_WARN_INT_CONVERSION = YES;
				CLANG_WARN_NON_LITERAL_NULL_CONVERSION = YES;
				CLANG_WARN_OBJC_IMPLICIT_RETAIN_SELF = YES;
				CLANG_WARN_OBJC_LITERAL_CONVERSION = YES;
				CLANG_WARN_OBJC_ROOT_CLASS = YES_ERROR;
				CLANG_WARN_QUOTED_INCLUDE_IN_FRAMEWORK_HEADER = YES;
				CLANG_WARN_RANGE_LOOP_ANALYSIS = YES;
				CLANG_WARN_STRICT_PROTOTYPES = YES;
				CLANG_WARN_SUSPICIOUS_MOVE = YES;
				CLANG_WARN_UNGUARDED_AVAILABILITY = YES_AGGRESSIVE;
				CLANG_WARN_UNREACHABLE_CODE = YES;
				CLANG_WARN__DUPLICATE_METHOD_MATCH = YES;
				COPY_PHASE_STRIP = NO;
				DEBUG_INFORMATION_FORMAT = dwarf;
				DEVELOPMENT_TEAM = CQ4YC43YDM;
				ENABLE_STRICT_OBJC_MSGSEND = YES;
				ENABLE_TESTABILITY = YES;
				ENABLE_USER_SCRIPT_SANDBOXING = YES;
				GCC_C_LANGUAGE_STANDARD = gnu17;
				GCC_DYNAMIC_NO_PIC = NO;
				GCC_NO_COMMON_BLOCKS = YES;
				GCC_OPTIMIZATION_LEVEL = 0;
				GCC_PREPROCESSOR_DEFINITIONS = (
					"DEBUG=1",
					"$(inherited)",
				);
				GCC_WARN_64_TO_32_BIT_CONVERSION = YES;
				GCC_WARN_ABOUT_RETURN_TYPE = YES_ERROR;
				GCC_WARN_UNDECLARED_SELECTOR = YES;
				GCC_WARN_UNINITIALIZED_AUTOS = YES_AGGRESSIVE;
				GCC_WARN_UNUSED_FUNCTION = YES;
				GCC_WARN_UNUSED_VARIABLE = YES;
				IPHONEOS_DEPLOYMENT_TARGET = 16.0;
				MTL_ENABLE_DEBUG_INFO = INCLUDE_SOURCE;
				MTL_FAST_MATH = YES;
				ONLY_ACTIVE_ARCH = YES;
				SDKROOT = iphoneos;
				STRING_CATALOG_GENERATE_SYMBOLS = YES;
				SWIFT_ACTIVE_COMPILATION_CONDITIONS = "DEBUG $(inherited)";
				SWIFT_OPTIMIZATION_LEVEL = "-Onone";
			};
			name = Debug;
		};
		AA00000000000000000009 /* Release */ = {
			isa = XCBuildConfiguration;
			buildSettings = {
				ALWAYS_SEARCH_USER_PATHS = NO;
				CLANG_ANALYZER_NONNULL = YES;
				CLANG_ANALYZER_NUMBER_OBJECT_CONVERSION = YES_AGGRESSIVE;
				CLANG_ENABLE_MODULES = YES;
				CLANG_ENABLE_OBJC_ARC = YES;
				CLANG_ENABLE_OBJC_WEAK = YES;
				CLANG_WARN_BLOCK_CAPTURE_AUTORELEASING = YES;
				CLANG_WARN_BOOL_CONVERSION = YES;
				CLANG_WARN_COMMA = YES;
				CLANG_WARN_CONSTANT_CONVERSION = YES;
				CLANG_WARN_DEPRECATED_OBJC_IMPLEMENTATIONS = YES;
				CLANG_WARN_DIRECT_OBJC_ISA_USAGE = YES_ERROR;
				CLANG_WARN_DOCUMENTATION_COMMENTS = YES;
				CLANG_WARN_EMPTY_BODY = YES;
				CLANG_WARN_ENUM_CONVERSION = YES;
				CLANG_WARN_INFINITE_RECURSION = YES;
				CLANG_WARN_INT_CONVERSION = YES;
				CLANG_WARN_NON_LITERAL_NULL_CONVERSION = YES;
				CLANG_WARN_OBJC_IMPLICIT_RETAIN_SELF = YES;
				CLANG_WARN_OBJC_LITERAL_CONVERSION = YES;
				CLANG_WARN_OBJC_ROOT_CLASS = YES_ERROR;
				CLANG_WARN_QUOTED_INCLUDE_IN_FRAMEWORK_HEADER = YES;
				CLANG_WARN_RANGE_LOOP_ANALYSIS = YES;
				CLANG_WARN_STRICT_PROTOTYPES = YES;
				CLANG_WARN_SUSPICIOUS_MOVE = YES;
				CLANG_WARN_UNGUARDED_AVAILABILITY = YES_AGGRESSIVE;
				CLANG_WARN_UNREACHABLE_CODE = YES;
				CLANG_WARN__DUPLICATE_METHOD_MATCH = YES;
				COPY_PHASE_STRIP = NO;
				DEBUG_INFORMATION_FORMAT = "dwarf-with-dsym";
				DEVELOPMENT_TEAM = CQ4YC43YDM;
				ENABLE_NS_ASSERTIONS = NO;
				ENABLE_STRICT_OBJC_MSGSEND = YES;
				ENABLE_USER_SCRIPT_SANDBOXING = YES;
				GCC_C_LANGUAGE_STANDARD = gnu17;
				GCC_NO_COMMON_BLOCKS = YES;
				GCC_WARN_64_TO_32_BIT_CONVERSION = YES;
				GCC_WARN_ABOUT_RETURN_TYPE = YES_ERROR;
				GCC_WARN_UNDECLARED_SELECTOR = YES;
				GCC_WARN_UNINITIALIZED_AUTOS = YES_AGGRESSIVE;
				GCC_WARN_UNUSED_FUNCTION = YES;
				GCC_WARN_UNUSED_VARIABLE = YES;
				IPHONEOS_DEPLOYMENT_TARGET = 16.0;
				MTL_ENABLE_DEBUG_INFO = NO;
				MTL_FAST_MATH = YES;
				SDKROOT = iphoneos;
				STRING_CATALOG_GENERATE_SYMBOLS = YES;
				SWIFT_COMPILATION_MODE = wholemodule;
				VALIDATE_PRODUCT = YES;
			};
			name = Release;
		};
		AA0000000000000000000A /* Debug */ = {
			isa = XCBuildConfiguration;
			buildSettings = {
				ASSETCATALOG_COMPILER_APPICON_NAME = AppIcon;
				ASSETCATALOG_COMPILER_GLOBAL_ACCENT_COLOR_NAME = AccentColor;
				CODE_SIGN_STYLE = Automatic;
				CURRENT_PROJECT_VERSION = 1;
				DEVELOPMENT_TEAM = CQ4YC43YDM;
				ENABLE_PREVIEWS = YES;
				GENERATE_INFOPLIST_FILE = YES;
				INFOPLIST_FILE = Kinowo/Info.plist;
				INFOPLIST_KEY_UIApplicationSceneManifest_Generation = YES;
				INFOPLIST_KEY_UIApplicationSupportsIndirectInputEvents = YES;
				INFOPLIST_KEY_UILaunchScreen_Generation = YES;
				INFOPLIST_KEY_UISupportedInterfaceOrientations_iPad = "UIInterfaceOrientationPortrait UIInterfaceOrientationPortraitUpsideDown UIInterfaceOrientationLandscapeLeft UIInterfaceOrientationLandscapeRight";
				INFOPLIST_KEY_UISupportedInterfaceOrientations_iPhone = "UIInterfaceOrientationPortrait UIInterfaceOrientationLandscapeLeft UIInterfaceOrientationLandscapeRight";
				IPHONEOS_DEPLOYMENT_TARGET = 16.0;
				LD_RUNPATH_SEARCH_PATHS = (
					"$(inherited)",
					"@executable_path/Frameworks",
				);
				MARKETING_VERSION = 1.0;
				PRODUCT_BUNDLE_IDENTIFIER = dev.kinowo.Kinowo;
				PRODUCT_NAME = "$(TARGET_NAME)";
				SWIFT_EMIT_LOC_STRINGS = YES;
				SWIFT_VERSION = 5.0;
				TARGETED_DEVICE_FAMILY = "1,2";
			};
			name = Debug;
		};
		AA0000000000000000000B /* Release */ = {
			isa = XCBuildConfiguration;
			buildSettings = {
				ASSETCATALOG_COMPILER_APPICON_NAME = AppIcon;
				ASSETCATALOG_COMPILER_GLOBAL_ACCENT_COLOR_NAME = AccentColor;
				CODE_SIGN_STYLE = Automatic;
				CURRENT_PROJECT_VERSION = 1;
				DEVELOPMENT_TEAM = CQ4YC43YDM;
				ENABLE_PREVIEWS = YES;
				GENERATE_INFOPLIST_FILE = YES;
				INFOPLIST_FILE = Kinowo/Info.plist;
				INFOPLIST_KEY_UIApplicationSceneManifest_Generation = YES;
				INFOPLIST_KEY_UIApplicationSupportsIndirectInputEvents = YES;
				INFOPLIST_KEY_UILaunchScreen_Generation = YES;
				INFOPLIST_KEY_UISupportedInterfaceOrientations_iPad = "UIInterfaceOrientationPortrait UIInterfaceOrientationPortraitUpsideDown UIInterfaceOrientationLandscapeLeft UIInterfaceOrientationLandscapeRight";
				INFOPLIST_KEY_UISupportedInterfaceOrientations_iPhone = "UIInterfaceOrientationPortrait UIInterfaceOrientationLandscapeLeft UIInterfaceOrientationLandscapeRight";
				IPHONEOS_DEPLOYMENT_TARGET = 16.0;
				LD_RUNPATH_SEARCH_PATHS = (
					"$(inherited)",
					"@executable_path/Frameworks",
				);
				MARKETING_VERSION = 1.0;
				PRODUCT_BUNDLE_IDENTIFIER = dev.kinowo.Kinowo;
				PRODUCT_NAME = "$(TARGET_NAME)";
				SWIFT_EMIT_LOC_STRINGS = YES;
				SWIFT_VERSION = 5.0;
				TARGETED_DEVICE_FAMILY = "1,2";
			};
			name = Release;
		};
		AA00000000000000000024 /* Debug */ = {
			isa = XCBuildConfiguration;
			buildSettings = {
				CODE_SIGN_STYLE = Automatic;
				CURRENT_PROJECT_VERSION = 1;
				GENERATE_INFOPLIST_FILE = YES;
				IPHONEOS_DEPLOYMENT_TARGET = 16.0;
				LD_RUNPATH_SEARCH_PATHS = (
					"$(inherited)",
					"@executable_path/Frameworks",
					"@loader_path/Frameworks",
				);
				MARKETING_VERSION = 1.0;
				PRODUCT_BUNDLE_IDENTIFIER = dev.kinowo.KinowoUITests;
				PRODUCT_NAME = "$(TARGET_NAME)";
				SWIFT_EMIT_LOC_STRINGS = NO;
				SWIFT_VERSION = 5.0;
				TARGETED_DEVICE_FAMILY = "1,2";
				TEST_TARGET_NAME = Kinowo;
			};
			name = Debug;
		};
		AA00000000000000000025 /* Release */ = {
			isa = XCBuildConfiguration;
			buildSettings = {
				CODE_SIGN_STYLE = Automatic;
				CURRENT_PROJECT_VERSION = 1;
				GENERATE_INFOPLIST_FILE = YES;
				IPHONEOS_DEPLOYMENT_TARGET = 16.0;
				LD_RUNPATH_SEARCH_PATHS = (
					"$(inherited)",
					"@executable_path/Frameworks",
					"@loader_path/Frameworks",
				);
				MARKETING_VERSION = 1.0;
				PRODUCT_BUNDLE_IDENTIFIER = dev.kinowo.KinowoUITests;
				PRODUCT_NAME = "$(TARGET_NAME)";
				SWIFT_EMIT_LOC_STRINGS = NO;
				SWIFT_VERSION = 5.0;
				TARGETED_DEVICE_FAMILY = "1,2";
				TEST_TARGET_NAME = Kinowo;
			};
			name = Release;
		};
/* End XCBuildConfiguration section */

/* Begin XCConfigurationList section */
		AA00000000000000000006 /* Build configuration list for PBXProject "Kinowo" */ = {
			isa = XCConfigurationList;
			buildConfigurations = (
				AA00000000000000000008 /* Debug */,
				AA00000000000000000009 /* Release */,
			);
			defaultConfigurationIsVisible = 0;
			defaultConfigurationName = Release;
		};
		AA00000000000000000007 /* Build configuration list for PBXNativeTarget "Kinowo" */ = {
			isa = XCConfigurationList;
			buildConfigurations = (
				AA0000000000000000000A /* Debug */,
				AA0000000000000000000B /* Release */,
			);
			defaultConfigurationIsVisible = 0;
			defaultConfigurationName = Release;
		};
		AA00000000000000000023 /* Build configuration list for PBXNativeTarget "KinowoUITests" */ = {
			isa = XCConfigurationList;
			buildConfigurations = (
				AA00000000000000000024 /* Debug */,
				AA00000000000000000025 /* Release */,
			);
			defaultConfigurationIsVisible = 0;
			defaultConfigurationName = Release;
		};
/* End XCConfigurationList section */
	};
	rootObject = AA00000000000000000001 /* Project object */;
}
